// !$*UTF8*$!
{
	archiveVersion = 1;
	classes = {
	};
	objectVersion = 55;
	objects = {

/* Begin PBXBuildFile section */
		8859B40C2875B0850037A6C6 /* StarbucksApp.swift in Sources */ = {isa = PBXBuildFile; fileRef = 8859B40B2875B0850037A6C6 /* StarbucksApp.swift */; };
		8859B40E2875B0850037A6C6 /* MainTabView.swift in Sources */ = {isa = PBXBuildFile; fileRef = 8859B40D2875B0850037A6C6 /* MainTabView.swift */; };
		8859B4102875B0850037A6C6 /* Assets.xcassets in Resources */ = {isa = PBXBuildFile; fileRef = 8859B40F2875B0850037A6C6 /* Assets.xcassets */; };
		8859B4132875B0850037A6C6 /* Preview Assets.xcassets in Resources */ = {isa = PBXBuildFile; fileRef = 8859B4122875B0850037A6C6 /* Preview Assets.xcassets */; };
		8859B41A2875B68F0037A6C6 /* Tab.swift in Sources */ = {isa = PBXBuildFile; fileRef = 8859B4192875B68F0037A6C6 /* Tab.swift */; };
		8859B41E2875CA570037A6C6 /* MenuSuggestionSectionView.swift in Sources */ = {isa = PBXBuildFile; fileRef = 8859B41D2875CA570037A6C6 /* MenuSuggestionSectionView.swift */; };
		8859B4202875CADA0037A6C6 /* CoffeeMenu.swift in Sources */ = {isa = PBXBuildFile; fileRef = 8859B41F2875CADA0037A6C6 /* CoffeeMenu.swift */; };
		8859B4222875D2260037A6C6 /* EventsSectionView.swift in Sources */ = {isa = PBXBuildFile; fileRef = 8859B4212875D2260037A6C6 /* EventsSectionView.swift */; };
		8859B4242875D27B0037A6C6 /* Event.swift in Sources */ = {isa = PBXBuildFile; fileRef = 8859B4232875D27B0037A6C6 /* Event.swift */; };
		8859B426287686400037A6C6 /* HomeView.swift in Sources */ = {isa = PBXBuildFile; fileRef = 8859B425287686400037A6C6 /* HomeView.swift */; };
		8859B428287687170037A6C6 /* HomeHeaderView.swift in Sources */ = {isa = PBXBuildFile; fileRef = 8859B427287687170037A6C6 /* HomeHeaderView.swift */; };
		8859B42B28768AA00037A6C6 /* User.swift in Sources */ = {isa = PBXBuildFile; fileRef = 8859B42A28768AA00037A6C6 /* User.swift */; };
		8859B42D2876BA0C0037A6C6 /* OtherView.swift in Sources */ = {isa = PBXBuildFile; fileRef = 8859B42C2876BA0C0037A6C6 /* OtherView.swift */; };
		8859B42F2876BBC10037A6C6 /* SettingMenu.swift in Sources */ = {isa = PBXBuildFile; fileRef = 8859B42E2876BBC10037A6C6 /* SettingMenu.swift */; };
		8859B4322876C4360037A6C6 /* SettingView.swift in Sources */ = {isa = PBXBuildFile; fileRef = 8859B4312876C4360037A6C6 /* SettingView.swift */; };
		8859B4342876D1D00037A6C6 /* HomeViewModel.swift in Sources */ = {isa = PBXBuildFile; fileRef = 8859B4332876D1D00037A6C6 /* HomeViewModel.swift */; };
/* End PBXBuildFile section */

/* Begin PBXFileReference section */
		8859B4082875B0850037A6C6 /* Starbucks.app */ = {isa = PBXFileReference; explicitFileType = wrapper.application; includeInIndex = 0; path = Starbucks.app; sourceTree = BUILT_PRODUCTS_DIR; };
		8859B40B2875B0850037A6C6 /* StarbucksApp.swift */ = {isa = PBXFileReference; lastKnownFileType = sourcecode.swift; path = StarbucksApp.swift; sourceTree = "<group>"; };
		8859B40D2875B0850037A6C6 /* MainTabView.swift */ = {isa = PBXFileReference; lastKnownFileType = sourcecode.swift; path = MainTabView.swift; sourceTree = "<group>"; };
		8859B40F2875B0850037A6C6 /* Assets.xcassets */ = {isa = PBXFileReference; lastKnownFileType = folder.assetcatalog; path = Assets.xcassets; sourceTree = "<group>"; };
		8859B4122875B0850037A6C6 /* Preview Assets.xcassets */ = {isa = PBXFileReference; lastKnownFileType = folder.assetcatalog; path = "Preview Assets.xcassets"; sourceTree = "<group>"; };
		8859B4192875B68F0037A6C6 /* Tab.swift */ = {isa = PBXFileReference; lastKnownFileType = sourcecode.swift; path = Tab.swift; sourceTree = "<group>"; };
		8859B41D2875CA570037A6C6 /* MenuSuggestionSectionView.swift */ = {isa = PBXFileReference; lastKnownFileType = sourcecode.swift; path = MenuSuggestionSectionView.swift; sourceTree = "<group>"; };
		8859B41F2875CADA0037A6C6 /* CoffeeMenu.swift */ = {isa = PBXFileReference; lastKnownFileType = sourcecode.swift; path = CoffeeMenu.swift; sourceTree = "<group>"; };
		8859B4212875D2260037A6C6 /* EventsSectionView.swift */ = {isa = PBXFileReference; lastKnownFileType = sourcecode.swift; path = EventsSectionView.swift; sourceTree = "<group>"; };
		8859B4232875D27B0037A6C6 /* Event.swift */ = {isa = PBXFileReference; lastKnownFileType = sourcecode.swift; path = Event.swift; sourceTree = "<group>"; };
		8859B425287686400037A6C6 /* HomeView.swift */ = {isa = PBXFileReference; lastKnownFileType = sourcecode.swift; path = HomeView.swift; sourceTree = "<group>"; };
		8859B427287687170037A6C6 /* HomeHeaderView.swift */ = {isa = PBXFileReference; lastKnownFileType = sourcecode.swift; path = HomeHeaderView.swift; sourceTree = "<group>"; };
		8859B42A28768AA00037A6C6 /* User.swift */ = {isa = PBXFileReference; lastKnownFileType = sourcecode.swift; path = User.swift; sourceTree = "<group>"; };
		8859B42C2876BA0C0037A6C6 /* OtherView.swift */ = {isa = PBXFileReference; lastKnownFileType = sourcecode.swift; path = OtherView.swift; sourceTree = "<group>"; };
		8859B42E2876BBC10037A6C6 /* SettingMenu.swift */ = {isa = PBXFileReference; lastKnownFileType = sourcecode.swift; path = SettingMenu.swift; sourceTree = "<group>"; };
		8859B4312876C4360037A6C6 /* SettingView.swift */ = {isa = PBXFileReference; lastKnownFileType = sourcecode.swift; path = SettingView.swift; sourceTree = "<group>"; };
		8859B4332876D1D00037A6C6 /* HomeViewModel.swift */ = {isa = PBXFileReference; lastKnownFileType = sourcecode.swift; path = HomeViewModel.swift; sourceTree = "<group>"; };
/* End PBXFileReference section */

/* Begin PBXFrameworksBuildPhase section */
		8859B4052875B0850037A6C6 /* Frameworks */ = {
			isa = PBXFrameworksBuildPhase;
			buildActionMask = 2147483647;
			files = (
			);
			runOnlyForDeploymentPostprocessing = 0;
		};
/* End PBXFrameworksBuildPhase section */

/* Begin PBXGroup section */
		8859B3FF2875B0850037A6C6 = {
			isa = PBXGroup;
			children = (
				8859B40A2875B0850037A6C6 /* Starbucks */,
				8859B4092875B0850037A6C6 /* Products */,
			);
			sourceTree = "<group>";
		};
		8859B4092875B0850037A6C6 /* Products */ = {
			isa = PBXGroup;
			children = (
				8859B4082875B0850037A6C6 /* Starbucks.app */,
			);
			name = Products;
			sourceTree = "<group>";
		};
		8859B40A2875B0850037A6C6 /* Starbucks */ = {
			isa = PBXGroup;
			children = (
				8859B40B2875B0850037A6C6 /* StarbucksApp.swift */,
				8859B41F2875CADA0037A6C6 /* CoffeeMenu.swift */,
				8859B4232875D27B0037A6C6 /* Event.swift */,
				8859B42A28768AA00037A6C6 /* User.swift */,
				8859B41C2875CA470037A6C6 /* Scenes */,
				8859B40F2875B0850037A6C6 /* Assets.xcassets */,
				8859B4112875B0850037A6C6 /* Preview Content */,
			);
			path = Starbucks;
			sourceTree = "<group>";
		};
		8859B4112875B0850037A6C6 /* Preview Content */ = {
			isa = PBXGroup;
			children = (
				8859B4122875B0850037A6C6 /* Preview Assets.xcassets */,
			);
			path = "Preview Content";
			sourceTree = "<group>";
		};
		8859B41B2875CA3F0037A6C6 /* Tab */ = {
			isa = PBXGroup;
			children = (
				8859B40D2875B0850037A6C6 /* MainTabView.swift */,
				8859B4192875B68F0037A6C6 /* Tab.swift */,
			);
			path = Tab;
			sourceTree = "<group>";
		};
		8859B41C2875CA470037A6C6 /* Scenes */ = {
			isa = PBXGroup;
			children = (
				8859B41B2875CA3F0037A6C6 /* Tab */,
				8859B4292876871C0037A6C6 /* Home */,
				8859B4302876C4230037A6C6 /* Other */,
			);
			path = Scenes;
			sourceTree = "<group>";
		};
		8859B4292876871C0037A6C6 /* Home */ = {
			isa = PBXGroup;
			children = (
				8859B425287686400037A6C6 /* HomeView.swift */,
				8859B4332876D1D00037A6C6 /* HomeViewModel.swift */,
				8859B427287687170037A6C6 /* HomeHeaderView.swift */,
				8859B41D2875CA570037A6C6 /* MenuSuggestionSectionView.swift */,
				8859B4212875D2260037A6C6 /* EventsSectionView.swift */,
			);
			path = Home;
			sourceTree = "<group>";
		};
		8859B4302876C4230037A6C6 /* Other */ = {
			isa = PBXGroup;
			children = (
				8859B42C2876BA0C0037A6C6 /* OtherView.swift */,
				8859B42E2876BBC10037A6C6 /* SettingMenu.swift */,
				8859B4312876C4360037A6C6 /* SettingView.swift */,
			);
			path = Other;
			sourceTree = "<group>";
		};
/* End PBXGroup section */

/* Begin PBXNativeTarget section */
		8859B4072875B0850037A6C6 /* Starbucks */ = {
			isa = PBXNativeTarget;
			buildConfigurationList = 8859B4162875B0850037A6C6 /* Build configuration list for PBXNativeTarget "Starbucks" */;
			buildPhases = (
				8859B4042875B0850037A6C6 /* Sources */,
				8859B4052875B0850037A6C6 /* Frameworks */,
				8859B4062875B0850037A6C6 /* Resources */,
			);
			buildRules = (
			);
			dependencies = (
			);
			name = Starbucks;
			productName = Starbucks;
			productReference = 8859B4082875B0850037A6C6 /* Starbucks.app */;
			productType = "com.apple.product-type.application";
		};
/* End PBXNativeTarget section */

/* Begin PBXProject section */
		8859B4002875B0850037A6C6 /* Project object */ = {
			isa = PBXProject;
			attributes = {
				BuildIndependentTargetsInParallel = 1;
				LastSwiftUpdateCheck = 1340;
				LastUpgradeCheck = 1340;
				TargetAttributes = {
					8859B4072875B0850037A6C6 = {
						CreatedOnToolsVersion = 13.4.1;
					};
				};
			};
			buildConfigurationList = 8859B4032875B0850037A6C6 /* Build configuration list for PBXProject "Starbucks" */;
			compatibilityVersion = "Xcode 13.0";
			developmentRegion = en;
			hasScannedForEncodings = 0;
			knownRegions = (
				en,
				Base,
			);
			mainGroup = 8859B3FF2875B0850037A6C6;
			productRefGroup = 8859B4092875B0850037A6C6 /* Products */;
			projectDirPath = "";
			projectRoot = "";
			targets = (
				8859B4072875B0850037A6C6 /* Starbucks */,
			);
		};
/* End PBXProject section */

/* Begin PBXResourcesBuildPhase section */
		8859B4062875B0850037A6C6 /* Resources */ = {
			isa = PBXResourcesBuildPhase;
			buildActionMask = 2147483647;
			files = (
				8859B4132875B0850037A6C6 /* Preview Assets.xcassets in Resources */,
				8859B4102875B0850037A6C6 /* Assets.xcassets in Resources */,
			);
			runOnlyForDeploymentPostprocessing = 0;
		};
/* End PBXResourcesBuildPhase section */

/* Begin PBXSourcesBuildPhase section */
		8859B4042875B0850037A6C6 /* Sources */ = {
			isa = PBXSourcesBuildPhase;
			buildActionMask = 2147483647;
			files = (
				8859B41A2875B68F0037A6C6 /* Tab.swift in Sources */,
				8859B40E2875B0850037A6C6 /* MainTabView.swift in Sources */,
				8859B4202875CADA0037A6C6 /* CoffeeMenu.swift in Sources */,
				8859B428287687170037A6C6 /* HomeHeaderView.swift in Sources */,
				8859B4222875D2260037A6C6 /* EventsSectionView.swift in Sources */,
				8859B42D2876BA0C0037A6C6 /* OtherView.swift in Sources */,
				8859B40C2875B0850037A6C6 /* StarbucksApp.swift in Sources */,
				8859B4242875D27B0037A6C6 /* Event.swift in Sources */,
				8859B4322876C4360037A6C6 /* SettingView.swift in Sources */,
				8859B4342876D1D00037A6C6 /* HomeViewModel.swift in Sources */,
				8859B41E2875CA570037A6C6 /* MenuSuggestionSectionView.swift in Sources */,
				8859B42B28768AA00037A6C6 /* User.swift in Sources */,
				8859B426287686400037A6C6 /* HomeView.swift in Sources */,
				8859B42F2876BBC10037A6C6 /* SettingMenu.swift in Sources */,
			);
			runOnlyForDeploymentPostprocessing = 0;
		};
/* End PBXSourcesBuildPhase section */

/* Begin XCBuildConfiguration section */
		8859B4142875B0850037A6C6 /* Debug */ = {
			isa = XCBuildConfiguration;
			buildSettings = {
				ALWAYS_SEARCH_USER_PATHS = NO;
				CLANG_ANALYZER_NONNULL = YES;
				CLANG_ANALYZER_NUMBER_OBJECT_CONVERSION = YES_AGGRESSIVE;
				CLANG_CXX_LANGUAGE_STANDARD = "gnu++17";
				CLANG_ENABLE_MODULES = YES;
				CLANG_ENABLE_OBJC_ARC = YES;
				CLANG_ENABLE_OBJC_WEAK = YES;
				CLANG_WARN_BLOCK_CAPTURE_AUTORELEASING = YES;
				CLANG_WARN_BOOL_CONVERSION = YES;
				CLANG_WARN_COMMA = YES;
				CLANG_WARN_CONSTANT_CONVERSION = YES;
				CLANG_WARN_DEPRECATED_OBJC_IMPLEMENTATIONS = YES;
				CLANG_WARN_DIRECT_OBJC_ISA_USAGE = YES_ERROR;
				CLANG_WARN_DOCUMENTATION_COMMENTS = YES;
				CLANG_WARN_EMPTY_BODY = YES;
				CLANG_WARN_ENUM_CONVERSION = YES;
				CLANG_WARN_INFINITE_RECURSION = YES;
				CLANG_WARN_INT_CONVERSION = YES;
				CLANG_WARN_NON_LITERAL_NULL_CONVERSION = YES;
				CLANG_WARN_OBJC_IMPLICIT_RETAIN_SELF = YES;
				CLANG_WARN_OBJC_LITERAL_CONVERSION = YES;
				CLANG_WARN_OBJC_ROOT_CLASS = YES_ERROR;
				CLANG_WARN_QUOTED_INCLUDE_IN_FRAMEWORK_HEADER = YES;
				CLANG_WARN_RANGE_LOOP_ANALYSIS = YES;
				CLANG_WARN_STRICT_PROTOTYPES = YES;
				CLANG_WARN_SUSPICIOUS_MOVE = YES;
				CLANG_WARN_UNGUARDED_AVAILABILITY = YES_AGGRESSIVE;
				CLANG_WARN_UNREACHABLE_CODE = YES;
				CLANG_WARN__DUPLICATE_METHOD_MATCH = YES;
				COPY_PHASE_STRIP = NO;
				DEBUG_INFORMATION_FORMAT = dwarf;
				ENABLE_STRICT_OBJC_MSGSEND = YES;
				ENABLE_TESTABILITY = YES;
				GCC_C_LANGUAGE_STANDARD = gnu11;
				GCC_DYNAMIC_NO_PIC = NO;
				GCC_NO_COMMON_BLOCKS = YES;
				GCC_OPTIMIZATION_LEVEL = 0;
				GCC_PREPROCESSOR_DEFINITIONS = (
					"DEBUG=1",
					"$(inherited)",
				);
				GCC_WARN_64_TO_32_BIT_CONVERSION = YES;
				GCC_WARN_ABOUT_RETURN_TYPE = YES_ERROR;
				GCC_WARN_UNDECLARED_SELECTOR = YES;
				GCC_WARN_UNINITIALIZED_AUTOS = YES_AGGRESSIVE;
				GCC_WARN_UNUSED_FUNCTION = YES;
				GCC_WARN_UNUSED_VARIABLE = YES;
				IPHONEOS_DEPLOYMENT_TARGET = 15.5;
				MTL_ENABLE_DEBUG_INFO = INCLUDE_SOURCE;
				MTL_FAST_MATH = YES;
				ONLY_ACTIVE_ARCH = YES;
				SDKROOT = iphoneos;
				SWIFT_ACTIVE_COMPILATION_CONDITIONS = DEBUG;
				SWIFT_OPTIMIZATION_LEVEL = "-Onone";
			};
			name = Debug;
		};
		8859B4152875B0850037A6C6 /* Release */ = {
			isa = XCBuildConfiguration;
			buildSettings = {
				ALWAYS_SEARCH_USER_PATHS = NO;
				CLANG_ANALYZER_NONNULL = YES;
				CLANG_ANALYZER_NUMBER_OBJECT_CONVERSION = YES_AGGRESSIVE;
				CLANG_CXX_LANGUAGE_STANDARD = "gnu++17";
				CLANG_ENABLE_MODULES = YES;
				CLANG_ENABLE_OBJC_ARC = YES;
				CLANG_ENABLE_OBJC_WEAK = YES;
				CLANG_WARN_BLOCK_CAPTURE_AUTORELEASING = YES;
				CLANG_WARN_BOOL_CONVERSION = YES;
				CLANG_WARN_COMMA = YES;
				CLANG_WARN_CONSTANT_CONVERSION = YES;
				CLANG_WARN_DEPRECATED_OBJC_IMPLEMENTATIONS = YES;
				CLANG_WARN_DIRECT_OBJC_ISA_USAGE = YES_ERROR;
				CLANG_WARN_DOCUMENTATION_COMMENTS = YES;
				CLANG_WARN_EMPTY_BODY = YES;
				CLANG_WARN_ENUM_CONVERSION = YES;
				CLANG_WARN_INFINITE_RECURSION = YES;
				CLANG_WARN_INT_CONVERSION = YES;
				CLANG_WARN_NON_LITERAL_NULL_CONVERSION = YES;
				CLANG_WARN_OBJC_IMPLICIT_RETAIN_SELF = YES;
				CLANG_WARN_OBJC_LITERAL_CONVERSION = YES;
				CLANG_WARN_OBJC_ROOT_CLASS = YES_ERROR;
				CLANG_WARN_QUOTED_INCLUDE_IN_FRAMEWORK_HEADER = YES;
				CLANG_WARN_RANGE_LOOP_ANALYSIS = YES;
				CLANG_WARN_STRICT_PROTOTYPES = YES;
				CLANG_WARN_SUSPICIOUS_MOVE = YES;
				CLANG_WARN_UNGUARDED_AVAILABILITY = YES_AGGRESSIVE;
				CLANG_WARN_UNREACHABLE_CODE = YES;
				CLANG_WARN__DUPLICATE_METHOD_MATCH = YES;
				COPY_PHASE_STRIP = NO;
				DEBUG_INFORMATION_FORMAT = "dwarf-with-dsym";
				ENABLE_NS_ASSERTIONS = NO;
				ENABLE_STRICT_OBJC_MSGSEND = YES;
				GCC_C_LANGUAGE_STANDARD = gnu11;
				GCC_NO_COMMON_BLOCKS = YES;
				GCC_WARN_64_TO_32_BIT_CONVERSION = YES;
				GCC_WARN_ABOUT_RETURN_TYPE = YES_ERROR;
				GCC_WARN_UNDECLARED_SELECTOR = YES;
				GCC_WARN_UNINITIALIZED_AUTOS = YES_AGGRESSIVE;
				GCC_WARN_UNUSED_FUNCTION = YES;
				GCC_WARN_UNUSED_VARIABLE = YES;
				IPHONEOS_DEPLOYMENT_TARGET = 15.5;
				MTL_ENABLE_DEBUG_INFO = NO;
				MTL_FAST_MATH = YES;
				SDKROOT = iphoneos;
				SWIFT_COMPILATION_MODE = wholemodule;
				SWIFT_OPTIMIZATION_LEVEL = "-O";
				VALIDATE_PRODUCT = YES;
			};
			name = Release;
		};
		8859B4172875B0850037A6C6 /* Debug */ = {
			isa = XCBuildConfiguration;
			buildSettings = {
				ASSETCATALOG_COMPILER_APPICON_NAME = AppIcon;
				ASSETCATALOG_COMPILER_GLOBAL_ACCENT_COLOR_NAME = AccentColor;
				CODE_SIGN_STYLE = Automatic;
				CURRENT_PROJECT_VERSION = 1;
				DEVELOPMENT_ASSET_PATHS = "\"Starbucks/Preview Content\"";
				DEVELOPMENT_TEAM = HRM89SZ7JY;
				ENABLE_PREVIEWS = YES;
				GENERATE_INFOPLIST_FILE = YES;
				INFOPLIST_KEY_UIApplicationSceneManifest_Generation = YES;
				INFOPLIST_KEY_UIApplicationSupportsIndirectInputEvents = YES;
				INFOPLIST_KEY_UILaunchScreen_Generation = YES;
				INFOPLIST_KEY_UISupportedInterfaceOrientations_iPad = "UIInterfaceOrientationPortrait UIInterfaceOrientationPortraitUpsideDown UIInterfaceOrientationLandscapeLeft UIInterfaceOrientationLandscapeRight";
				INFOPLIST_KEY_UISupportedInterfaceOrientations_iPhone = "UIInterfaceOrientationPortrait UIInterfaceOrientationLandscapeLeft UIInterfaceOrientationLandscapeRight";
				LD_RUNPATH_SEARCH_PATHS = (
					"$(inherited)",
					"@executable_path/Frameworks",
				);
				MARKETING_VERSION = 1.0;
				PRODUCT_BUNDLE_IDENTIFIER = kr.co.dcherish.Starbucks;
				PRODUCT_NAME = "$(TARGET_NAME)";
				SWIFT_EMIT_LOC_STRINGS = YES;
				SWIFT_VERSION = 5.0;
				TARGETED_DEVICE_FAMILY = "1,2";
			};
			name = Debug;
		};
		8859B4182875B0850037A6C6 /* Release */ = {
			isa = XCBuildConfiguration;
			buildSettings = {
				ASSETCATALOG_COMPILER_APPICON_NAME = AppIcon;
				ASSETCATALOG_COMPILER_GLOBAL_ACCENT_COLOR_NAME = AccentColor;
				CODE_SIGN_STYLE = Automatic;
				CURRENT_PROJECT_VERSION = 1;
				DEVELOPMENT_ASSET_PATHS = "\"Starbucks/Preview Content\"";
				DEVELOPMENT_TEAM = HRM89SZ7JY;
				ENABLE_PREVIEWS = YES;
				GENERATE_INFOPLIST_FILE = YES;
				INFOPLIST_KEY_UIApplicationSceneManifest_Generation = YES;
				INFOPLIST_KEY_UIApplicationSupportsIndirectInputEvents = YES;
				INFOPLIST_KEY_UILaunchScreen_Generation = YES;
				INFOPLIST_KEY_UISupportedInterfaceOrientations_iPad = "UIInterfaceOrientationPortrait UIInterfaceOrientationPortraitUpsideDown UIInterfaceOrientationLandscapeLeft UIInterfaceOrientationLandscapeRight";
				INFOPLIST_KEY_UISupportedInterfaceOrientations_iPhone = "UIInterfaceOrientationPortrait UIInterfaceOrientationLandscapeLeft UIInterfaceOrientationLandscapeRight";
				LD_RUNPATH_SEARCH_PATHS = (
					"$(inherited)",
					"@executable_path/Frameworks",
				);
				MARKETING_VERSION = 1.0;
				PRODUCT_BUNDLE_IDENTIFIER = kr.co.dcherish.Starbucks;
				PRODUCT_NAME = "$(TARGET_NAME)";
				SWIFT_EMIT_LOC_STRINGS = YES;
				SWIFT_VERSION = 5.0;
				TARGETED_DEVICE_FAMILY = "1,2";
			};
			name = Release;
		};
/* End XCBuildConfiguration section */

/* Begin XCConfigurationList section */
		8859B4032875B0850037A6C6 /* Build configuration list for PBXProject "Starbucks" */ = {
			isa = XCConfigurationList;
			buildConfigurations = (
				8859B4142875B0850037A6C6 /* Debug */,
				8859B4152875B0850037A6C6 /* Release */,
			);
			defaultConfigurationIsVisible = 0;
			defaultConfigurationName = Release;
		};
		8859B4162875B0850037A6C6 /* Build configuration list for PBXNativeTarget "Starbucks" */ = {
			isa = XCConfigurationList;
			buildConfigurations = (
				8859B4172875B0850037A6C6 /* Debug */,
				8859B4182875B0850037A6C6 /* Release */,
			);
			defaultConfigurationIsVisible = 0;
			defaultConfigurationName = Release;
		};
/* End XCConfigurationList section */
	};
	rootObject = 8859B4002875B0850037A6C6 /* Project object */;
}
