// !$*UTF8*$!
{
	archiveVersion = 1;
	classes = {
	};
	objectVersion = 55;
	objects = {

/* Begin PBXBuildFile section */
		88D512F5284F0E75009D519A /* AppDelegate.swift in Sources */ = {isa = PBXBuildFile; fileRef = 88D512F4284F0E75009D519A /* AppDelegate.swift */; };
		88D512F7284F0E75009D519A /* SceneDelegate.swift in Sources */ = {isa = PBXBuildFile; fileRef = 88D512F6284F0E75009D519A /* SceneDelegate.swift */; };
		88D512FE284F0E77009D519A /* Assets.xcassets in Resources */ = {isa = PBXBuildFile; fileRef = 88D512FD284F0E77009D519A /* Assets.xcassets */; };
		88D51301284F0E77009D519A /* LaunchScreen.storyboard in Resources */ = {isa = PBXBuildFile; fileRef = 88D512FF284F0E77009D519A /* LaunchScreen.storyboard */; };
		88D51309284F0F37009D519A /* HomeViewController.swift in Sources */ = {isa = PBXBuildFile; fileRef = 88D51308284F0F37009D519A /* HomeViewController.swift */; };
		88D5130C284F1158009D519A /* SnapKit in Frameworks */ = {isa = PBXBuildFile; productRef = 88D5130B284F1158009D519A /* SnapKit */; };
		88D5130E284F14DE009D519A /* Content.plist in Resources */ = {isa = PBXBuildFile; fileRef = 88D5130D284F14DE009D519A /* Content.plist */; };
		88D51310284F1519009D519A /* Content.swift in Sources */ = {isa = PBXBuildFile; fileRef = 88D5130F284F1519009D519A /* Content.swift */; };
		88D51312284F180F009D519A /* ContentCollectionViewCell.swift in Sources */ = {isa = PBXBuildFile; fileRef = 88D51311284F180F009D519A /* ContentCollectionViewCell.swift */; };
		88D51314284F19DD009D519A /* ContentCollectionViewHeader.swift in Sources */ = {isa = PBXBuildFile; fileRef = 88D51313284F19DD009D519A /* ContentCollectionViewHeader.swift */; };
		88D97167284F281B00F2D1BC /* ContentCollectionViewRankCell.swift in Sources */ = {isa = PBXBuildFile; fileRef = 88D97166284F281B00F2D1BC /* ContentCollectionViewRankCell.swift */; };
		88D97169284F2DDA00F2D1BC /* ContentCollectionViewMainCell.swift in Sources */ = {isa = PBXBuildFile; fileRef = 88D97168284F2DDA00F2D1BC /* ContentCollectionViewMainCell.swift */; };
		88D9716B284F343C00F2D1BC /* UIButton.swift in Sources */ = {isa = PBXBuildFile; fileRef = 88D9716A284F343C00F2D1BC /* UIButton.swift */; };
/* End PBXBuildFile section */

/* Begin PBXFileReference section */
		88D512F1284F0E75009D519A /* NetflixStyleSample.app */ = {isa = PBXFileReference; explicitFileType = wrapper.application; includeInIndex = 0; path = NetflixStyleSample.app; sourceTree = BUILT_PRODUCTS_DIR; };
		88D512F4284F0E75009D519A /* AppDelegate.swift */ = {isa = PBXFileReference; lastKnownFileType = sourcecode.swift; path = AppDelegate.swift; sourceTree = "<group>"; };
		88D512F6284F0E75009D519A /* SceneDelegate.swift */ = {isa = PBXFileReference; lastKnownFileType = sourcecode.swift; path = SceneDelegate.swift; sourceTree = "<group>"; };
		88D512FD284F0E77009D519A /* Assets.xcassets */ = {isa = PBXFileReference; lastKnownFileType = folder.assetcatalog; path = Assets.xcassets; sourceTree = "<group>"; };
		88D51300284F0E77009D519A /* Base */ = {isa = PBXFileReference; lastKnownFileType = file.storyboard; name = Base; path = Base.lproj/LaunchScreen.storyboard; sourceTree = "<group>"; };
		88D51302284F0E77009D519A /* Info.plist */ = {isa = PBXFileReference; lastKnownFileType = text.plist.xml; path = Info.plist; sourceTree = "<group>"; };
		88D51308284F0F37009D519A /* HomeViewController.swift */ = {isa = PBXFileReference; lastKnownFileType = sourcecode.swift; path = HomeViewController.swift; sourceTree = "<group>"; };
		88D5130D284F14DE009D519A /* Content.plist */ = {isa = PBXFileReference; fileEncoding = 4; lastKnownFileType = text.plist.xml; path = Content.plist; sourceTree = "<group>"; };
		88D5130F284F1519009D519A /* Content.swift */ = {isa = PBXFileReference; lastKnownFileType = sourcecode.swift; path = Content.swift; sourceTree = "<group>"; };
		88D51311284F180F009D519A /* ContentCollectionViewCell.swift */ = {isa = PBXFileReference; lastKnownFileType = sourcecode.swift; path = ContentCollectionViewCell.swift; sourceTree = "<group>"; };
		88D51313284F19DD009D519A /* ContentCollectionViewHeader.swift */ = {isa = PBXFileReference; lastKnownFileType = sourcecode.swift; path = ContentCollectionViewHeader.swift; sourceTree = "<group>"; };
		88D97166284F281B00F2D1BC /* ContentCollectionViewRankCell.swift */ = {isa = PBXFileReference; lastKnownFileType = sourcecode.swift; path = ContentCollectionViewRankCell.swift; sourceTree = "<group>"; };
		88D97168284F2DDA00F2D1BC /* ContentCollectionViewMainCell.swift */ = {isa = PBXFileReference; lastKnownFileType = sourcecode.swift; path = ContentCollectionViewMainCell.swift; sourceTree = "<group>"; };
		88D9716A284F343C00F2D1BC /* UIButton.swift */ = {isa = PBXFileReference; lastKnownFileType = sourcecode.swift; path = UIButton.swift; sourceTree = "<group>"; };
/* End PBXFileReference section */

/* Begin PBXFrameworksBuildPhase section */
		88D512EE284F0E75009D519A /* Frameworks */ = {
			isa = PBXFrameworksBuildPhase;
			buildActionMask = 2147483647;
			files = (
				88D5130C284F1158009D519A /* SnapKit in Frameworks */,
			);
			runOnlyForDeploymentPostprocessing = 0;
		};
/* End PBXFrameworksBuildPhase section */

/* Begin PBXGroup section */
		88D512E8284F0E75009D519A = {
			isa = PBXGroup;
			children = (
				88D512F3284F0E75009D519A /* NetflixStyleSample */,
				88D512F2284F0E75009D519A /* Products */,
			);
			sourceTree = "<group>";
		};
		88D512F2284F0E75009D519A /* Products */ = {
			isa = PBXGroup;
			children = (
				88D512F1284F0E75009D519A /* NetflixStyleSample.app */,
			);
			name = Products;
			sourceTree = "<group>";
		};
		88D512F3284F0E75009D519A /* NetflixStyleSample */ = {
			isa = PBXGroup;
			children = (
				88D512F4284F0E75009D519A /* AppDelegate.swift */,
				88D512F6284F0E75009D519A /* SceneDelegate.swift */,
				88D512FD284F0E77009D519A /* Assets.xcassets */,
				88D512FF284F0E77009D519A /* LaunchScreen.storyboard */,
				88D5130D284F14DE009D519A /* Content.plist */,
				88D5130F284F1519009D519A /* Content.swift */,
				88D51302284F0E77009D519A /* Info.plist */,
				88D51308284F0F37009D519A /* HomeViewController.swift */,
				88D97168284F2DDA00F2D1BC /* ContentCollectionViewMainCell.swift */,
				88D9716A284F343C00F2D1BC /* UIButton.swift */,
				88D97166284F281B00F2D1BC /* ContentCollectionViewRankCell.swift */,
				88D51313284F19DD009D519A /* ContentCollectionViewHeader.swift */,
				88D51311284F180F009D519A /* ContentCollectionViewCell.swift */,
			);
			path = NetflixStyleSample;
			sourceTree = "<group>";
		};
/* End PBXGroup section */

/* Begin PBXNativeTarget section */
		88D512F0284F0E75009D519A /* NetflixStyleSample */ = {
			isa = PBXNativeTarget;
			buildConfigurationList = 88D51305284F0E77009D519A /* Build configuration list for PBXNativeTarget "NetflixStyleSample" */;
			buildPhases = (
				88D512ED284F0E75009D519A /* Sources */,
				88D512EE284F0E75009D519A /* Frameworks */,
				88D512EF284F0E75009D519A /* Resources */,
			);
			buildRules = (
			);
			dependencies = (
			);
			name = NetflixStyleSample;
			packageProductDependencies = (
				88D5130B284F1158009D519A /* SnapKit */,
			);
			productName = NetflixStyleSample;
			productReference = 88D512F1284F0E75009D519A /* NetflixStyleSample.app */;
			productType = "com.apple.product-type.application";
		};
/* End PBXNativeTarget section */

/* Begin PBXProject section */
		88D512E9284F0E75009D519A /* Project object */ = {
			isa = PBXProject;
			attributes = {
				BuildIndependentTargetsInParallel = 1;
				LastSwiftUpdateCheck = 1340;
				LastUpgradeCheck = 1340;
				TargetAttributes = {
					88D512F0284F0E75009D519A = {
						CreatedOnToolsVersion = 13.4.1;
					};
				};
			};
			buildConfigurationList = 88D512EC284F0E75009D519A /* Build configuration list for PBXProject "NetflixStyleSample" */;
			compatibilityVersion = "Xcode 13.0";
			developmentRegion = en;
			hasScannedForEncodings = 0;
			knownRegions = (
				en,
				Base,
			);
			mainGroup = 88D512E8284F0E75009D519A;
			packageReferences = (
				88D5130A284F1158009D519A /* XCRemoteSwiftPackageReference "SnapKit" */,
			);
			productRefGroup = 88D512F2284F0E75009D519A /* Products */;
			projectDirPath = "";
			projectRoot = "";
			targets = (
				88D512F0284F0E75009D519A /* NetflixStyleSample */,
			);
		};
/* End PBXProject section */

/* Begin PBXResourcesBuildPhase section */
		88D512EF284F0E75009D519A /* Resources */ = {
			isa = PBXResourcesBuildPhase;
			buildActionMask = 2147483647;
			files = (
				88D51301284F0E77009D519A /* LaunchScreen.storyboard in Resources */,
				88D512FE284F0E77009D519A /* Assets.xcassets in Resources */,
				88D5130E284F14DE009D519A /* Content.plist in Resources */,
			);
			runOnlyForDeploymentPostprocessing = 0;
		};
/* End PBXResourcesBuildPhase section */

/* Begin PBXSourcesBuildPhase section */
		88D512ED284F0E75009D519A /* Sources */ = {
			isa = PBXSourcesBuildPhase;
			buildActionMask = 2147483647;
			files = (
				88D512F5284F0E75009D519A /* AppDelegate.swift in Sources */,
				88D51314284F19DD009D519A /* ContentCollectionViewHeader.swift in Sources */,
				88D512F7284F0E75009D519A /* SceneDelegate.swift in Sources */,
				88D97167284F281B00F2D1BC /* ContentCollectionViewRankCell.swift in Sources */,
				88D51309284F0F37009D519A /* HomeViewController.swift in Sources */,
				88D97169284F2DDA00F2D1BC /* ContentCollectionViewMainCell.swift in Sources */,
				88D51310284F1519009D519A /* Content.swift in Sources */,
				88D51312284F180F009D519A /* ContentCollectionViewCell.swift in Sources */,
				88D9716B284F343C00F2D1BC /* UIButton.swift in Sources */,
			);
			runOnlyForDeploymentPostprocessing = 0;
		};
/* End PBXSourcesBuildPhase section */

/* Begin PBXVariantGroup section */
		88D512FF284F0E77009D519A /* LaunchScreen.storyboard */ = {
			isa = PBXVariantGroup;
			children = (
				88D51300284F0E77009D519A /* Base */,
			);
			name = LaunchScreen.storyboard;
			sourceTree = "<group>";
		};
/* End PBXVariantGroup section */

/* Begin XCBuildConfiguration section */
		88D51303284F0E77009D519A /* Debug */ = {
			isa = XCBuildConfiguration;
			buildSettings = {
				ALWAYS_SEARCH_USER_PATHS = NO;
				CLANG_ANALYZER_NONNULL = YES;
				CLANG_ANALYZER_NUMBER_OBJECT_CONVERSION = YES_AGGRESSIVE;
				CLANG_CXX_LANGUAGE_STANDARD = "gnu++17";
				CLANG_ENABLE_MODULES = YES;
				CLANG_ENABLE_OBJC_ARC = YES;
				CLANG_ENABLE_OBJC_WEAK = YES;
				CLANG_WARN_BLOCK_CAPTURE_AUTORELEASING = YES;
				CLANG_WARN_BOOL_CONVERSION = YES;
				CLANG_WARN_COMMA = YES;
				CLANG_WARN_CONSTANT_CONVERSION = YES;
				CLANG_WARN_DEPRECATED_OBJC_IMPLEMENTATIONS = YES;
				CLANG_WARN_DIRECT_OBJC_ISA_USAGE = YES_ERROR;
				CLANG_WARN_DOCUMENTATION_COMMENTS = YES;
				CLANG_WARN_EMPTY_BODY = YES;
				CLANG_WARN_ENUM_CONVERSION = YES;
				CLANG_WARN_INFINITE_RECURSION = YES;
				CLANG_WARN_INT_CONVERSION = YES;
				CLANG_WARN_NON_LITERAL_NULL_CONVERSION = YES;
				CLANG_WARN_OBJC_IMPLICIT_RETAIN_SELF = YES;
				CLANG_WARN_OBJC_LITERAL_CONVERSION = YES;
				CLANG_WARN_OBJC_ROOT_CLASS = YES_ERROR;
				CLANG_WARN_QUOTED_INCLUDE_IN_FRAMEWORK_HEADER = YES;
				CLANG_WARN_RANGE_LOOP_ANALYSIS = YES;
				CLANG_WARN_STRICT_PROTOTYPES = YES;
				CLANG_WARN_SUSPICIOUS_MOVE = YES;
				CLANG_WARN_UNGUARDED_AVAILABILITY = YES_AGGRESSIVE;
				CLANG_WARN_UNREACHABLE_CODE = YES;
				CLANG_WARN__DUPLICATE_METHOD_MATCH = YES;
				COPY_PHASE_STRIP = NO;
				DEBUG_INFORMATION_FORMAT = dwarf;
				ENABLE_STRICT_OBJC_MSGSEND = YES;
				ENABLE_TESTABILITY = YES;
				GCC_C_LANGUAGE_STANDARD = gnu11;
				GCC_DYNAMIC_NO_PIC = NO;
				GCC_NO_COMMON_BLOCKS = YES;
				GCC_OPTIMIZATION_LEVEL = 0;
				GCC_PREPROCESSOR_DEFINITIONS = (
					"DEBUG=1",
					"$(inherited)",
				);
				GCC_WARN_64_TO_32_BIT_CONVERSION = YES;
				GCC_WARN_ABOUT_RETURN_TYPE = YES_ERROR;
				GCC_WARN_UNDECLARED_SELECTOR = YES;
				GCC_WARN_UNINITIALIZED_AUTOS = YES_AGGRESSIVE;
				GCC_WARN_UNUSED_FUNCTION = YES;
				GCC_WARN_UNUSED_VARIABLE = YES;
				IPHONEOS_DEPLOYMENT_TARGET = 15.5;
				MTL_ENABLE_DEBUG_INFO = INCLUDE_SOURCE;
				MTL_FAST_MATH = YES;
				ONLY_ACTIVE_ARCH = YES;
				SDKROOT = iphoneos;
				SWIFT_ACTIVE_COMPILATION_CONDITIONS = DEBUG;
				SWIFT_OPTIMIZATION_LEVEL = "-Onone";
			};
			name = Debug;
		};
		88D51304284F0E77009D519A /* Release */ = {
			isa = XCBuildConfiguration;
			buildSettings = {
				ALWAYS_SEARCH_USER_PATHS = NO;
				CLANG_ANALYZER_NONNULL = YES;
				CLANG_ANALYZER_NUMBER_OBJECT_CONVERSION = YES_AGGRESSIVE;
				CLANG_CXX_LANGUAGE_STANDARD = "gnu++17";
				CLANG_ENABLE_MODULES = YES;
				CLANG_ENABLE_OBJC_ARC = YES;
				CLANG_ENABLE_OBJC_WEAK = YES;
				CLANG_WARN_BLOCK_CAPTURE_AUTORELEASING = YES;
				CLANG_WARN_BOOL_CONVERSION = YES;
				CLANG_WARN_COMMA = YES;
				CLANG_WARN_CONSTANT_CONVERSION = YES;
				CLANG_WARN_DEPRECATED_OBJC_IMPLEMENTATIONS = YES;
				CLANG_WARN_DIRECT_OBJC_ISA_USAGE = YES_ERROR;
				CLANG_WARN_DOCUMENTATION_COMMENTS = YES;
				CLANG_WARN_EMPTY_BODY = YES;
				CLANG_WARN_ENUM_CONVERSION = YES;
				CLANG_WARN_INFINITE_RECURSION = YES;
				CLANG_WARN_INT_CONVERSION = YES;
				CLANG_WARN_NON_LITERAL_NULL_CONVERSION = YES;
				CLANG_WARN_OBJC_IMPLICIT_RETAIN_SELF = YES;
				CLANG_WARN_OBJC_LITERAL_CONVERSION = YES;
				CLANG_WARN_OBJC_ROOT_CLASS = YES_ERROR;
				CLANG_WARN_QUOTED_INCLUDE_IN_FRAMEWORK_HEADER = YES;
				CLANG_WARN_RANGE_LOOP_ANALYSIS = YES;
				CLANG_WARN_STRICT_PROTOTYPES = YES;
				CLANG_WARN_SUSPICIOUS_MOVE = YES;
				CLANG_WARN_UNGUARDED_AVAILABILITY = YES_AGGRESSIVE;
				CLANG_WARN_UNREACHABLE_CODE = YES;
				CLANG_WARN__DUPLICATE_METHOD_MATCH = YES;
				COPY_PHASE_STRIP = NO;
				DEBUG_INFORMATION_FORMAT = "dwarf-with-dsym";
				ENABLE_NS_ASSERTIONS = NO;
				ENABLE_STRICT_OBJC_MSGSEND = YES;
				GCC_C_LANGUAGE_STANDARD = gnu11;
				GCC_NO_COMMON_BLOCKS = YES;
				GCC_WARN_64_TO_32_BIT_CONVERSION = YES;
				GCC_WARN_ABOUT_RETURN_TYPE = YES_ERROR;
				GCC_WARN_UNDECLARED_SELECTOR = YES;
				GCC_WARN_UNINITIALIZED_AUTOS = YES_AGGRESSIVE;
				GCC_WARN_UNUSED_FUNCTION = YES;
				GCC_WARN_UNUSED_VARIABLE = YES;
				IPHONEOS_DEPLOYMENT_TARGET = 15.5;
				MTL_ENABLE_DEBUG_INFO = NO;
				MTL_FAST_MATH = YES;
				SDKROOT = iphoneos;
				SWIFT_COMPILATION_MODE = wholemodule;
				SWIFT_OPTIMIZATION_LEVEL = "-O";
				VALIDATE_PRODUCT = YES;
			};
			name = Release;
		};
		88D51306284F0E77009D519A /* Debug */ = {
			isa = XCBuildConfiguration;
			buildSettings = {
				ASSETCATALOG_COMPILER_APPICON_NAME = AppIcon;
				ASSETCATALOG_COMPILER_GLOBAL_ACCENT_COLOR_NAME = AccentColor;
				CODE_SIGN_STYLE = Automatic;
				CURRENT_PROJECT_VERSION = 1;
				DEVELOPMENT_TEAM = HRM89SZ7JY;
				GENERATE_INFOPLIST_FILE = YES;
				INFOPLIST_FILE = NetflixStyleSample/Info.plist;
				INFOPLIST_KEY_UIApplicationSupportsIndirectInputEvents = YES;
				INFOPLIST_KEY_UILaunchStoryboardName = LaunchScreen;
				INFOPLIST_KEY_UISupportedInterfaceOrientations_iPad = "UIInterfaceOrientationPortrait UIInterfaceOrientationPortraitUpsideDown UIInterfaceOrientationLandscapeLeft UIInterfaceOrientationLandscapeRight";
				INFOPLIST_KEY_UISupportedInterfaceOrientations_iPhone = "UIInterfaceOrientationPortrait UIInterfaceOrientationLandscapeLeft UIInterfaceOrientationLandscapeRight";
				LD_RUNPATH_SEARCH_PATHS = (
					"$(inherited)",
					"@executable_path/Frameworks",
				);
				MARKETING_VERSION = 1.0;
				PRODUCT_BUNDLE_IDENTIFIER = kr.co.dcherish.NetflixStyleSample;
				PRODUCT_NAME = "$(TARGET_NAME)";
				SWIFT_EMIT_LOC_STRINGS = YES;
				SWIFT_VERSION = 5.0;
				TARGETED_DEVICE_FAMILY = "1,2";
			};
			name = Debug;
		};
		88D51307284F0E77009D519A /* Release */ = {
			isa = XCBuildConfiguration;
			buildSettings = {
				ASSETCATALOG_COMPILER_APPICON_NAME = AppIcon;
				ASSETCATALOG_COMPILER_GLOBAL_ACCENT_COLOR_NAME = AccentColor;
				CODE_SIGN_STYLE = Automatic;
				CURRENT_PROJECT_VERSION = 1;
				DEVELOPMENT_TEAM = HRM89SZ7JY;
				GENERATE_INFOPLIST_FILE = YES;
				INFOPLIST_FILE = NetflixStyleSample/Info.plist;
				INFOPLIST_KEY_UIApplicationSupportsIndirectInputEvents = YES;
				INFOPLIST_KEY_UILaunchStoryboardName = LaunchScreen;
				INFOPLIST_KEY_UISupportedInterfaceOrientations_iPad = "UIInterfaceOrientationPortrait UIInterfaceOrientationPortraitUpsideDown UIInterfaceOrientationLandscapeLeft UIInterfaceOrientationLandscapeRight";
				INFOPLIST_KEY_UISupportedInterfaceOrientations_iPhone = "UIInterfaceOrientationPortrait UIInterfaceOrientationLandscapeLeft UIInterfaceOrientationLandscapeRight";
				LD_RUNPATH_SEARCH_PATHS = (
					"$(inherited)",
					"@executable_path/Frameworks",
				);
				MARKETING_VERSION = 1.0;
				PRODUCT_BUNDLE_IDENTIFIER = kr.co.dcherish.NetflixStyleSample;
				PRODUCT_NAME = "$(TARGET_NAME)";
				SWIFT_EMIT_LOC_STRINGS = YES;
				SWIFT_VERSION = 5.0;
				TARGETED_DEVICE_FAMILY = "1,2";
			};
			name = Release;
		};
/* End XCBuildConfiguration section */

/* Begin XCConfigurationList section */
		88D512EC284F0E75009D519A /* Build configuration list for PBXProject "NetflixStyleSample" */ = {
			isa = XCConfigurationList;
			buildConfigurations = (
				88D51303284F0E77009D519A /* Debug */,
				88D51304284F0E77009D519A /* Release */,
			);
			defaultConfigurationIsVisible = 0;
			defaultConfigurationName = Release;
		};
		88D51305284F0E77009D519A /* Build configuration list for PBXNativeTarget "NetflixStyleSample" */ = {
			isa = XCConfigurationList;
			buildConfigurations = (
				88D51306284F0E77009D519A /* Debug */,
				88D51307284F0E77009D519A /* Release */,
			);
			defaultConfigurationIsVisible = 0;
			defaultConfigurationName = Release;
		};
/* End XCConfigurationList section */

/* Begin XCRemoteSwiftPackageReference section */
		88D5130A284F1158009D519A /* XCRemoteSwiftPackageReference "SnapKit" */ = {
			isa = XCRemoteSwiftPackageReference;
			repositoryURL = "https://github.com/SnapKit/SnapKit.git";
			requirement = {
				kind = upToNextMajorVersion;
				minimumVersion = 5.0.0;
			};
		};
/* End XCRemoteSwiftPackageReference section */

/* Begin XCSwiftPackageProductDependency section */
		88D5130B284F1158009D519A /* SnapKit */ = {
			isa = XCSwiftPackageProductDependency;
			package = 88D5130A284F1158009D519A /* XCRemoteSwiftPackageReference "SnapKit" */;
			productName = SnapKit;
		};
/* End XCSwiftPackageProductDependency section */
	};
	rootObject = 88D512E9284F0E75009D519A /* Project object */;
}
